
Microsoft Visual Studio Solution File, Format Version 12.00
# Visual Studio 2015
Project("{FAE04EC0-301F-11D3-BF4B-00C04F79EFBC}") = "ProjectBunny.Plugins", "ProjectBunny.Plugins.csproj", "{B17326FC-A441-96D5-2F9B-C2DF3A423CE9}"
EndProject
Project("{FAE04EC0-301F-11D3-BF4B-00C04F79EFBC}") = "ProjectBunny", "ProjectBunny.csproj", "{C664C232-3789-BF7E-8E53-76A192FDE8C2}"
EndProject
Project("{FAE04EC0-301F-11D3-BF4B-00C04F79EFBC}") = "ProjectBunny.Editor.Plugins", "ProjectBunny.Editor.Plugins.csproj", "{56A13B9E-7934-ACDB-2B0F-94DAEA8FF4A4}"
EndProject
Global
	GlobalSection(SolutionConfigurationPlatforms) = preSolution
		Debug|Any CPU = Debug|Any CPU
		Release|Any CPU = Release|Any CPU
	EndGlobalSection
	GlobalSection(ProjectConfigurationPlatforms) = postSolution
		{B17326FC-A441-96D5-2F9B-C2DF3A423CE9}.Debug|Any CPU.ActiveCfg = Debug|Any CPU
		{B17326FC-A441-96D5-2F9B-C2DF3A423CE9}.Debug|Any CPU.Build.0 = Debug|Any CPU
		{B17326FC-A441-96D5-2F9B-C2DF3A423CE9}.Release|Any CPU.ActiveCfg = Release|Any CPU
		{B17326FC-A441-96D5-2F9B-C2DF3A423CE9}.Release|Any CPU.Build.0 = Release|Any CPU
		{C664C232-3789-BF7E-8E53-76A192FDE8C2}.Debug|Any CPU.ActiveCfg = Debug|Any CPU
		{C664C232-3789-BF7E-8E53-76A192FDE8C2}.Debug|Any CPU.Build.0 = Debug|Any CPU
		{C664C232-3789-BF7E-8E53-76A192FDE8C2}.Release|Any CPU.ActiveCfg = Release|Any CPU
		{C664C232-3789-BF7E-8E53-76A192FDE8C2}.Release|Any CPU.Build.0 = Release|Any CPU
		{56A13B9E-7934-ACDB-2B0F-94DAEA8FF4A4}.Debug|Any CPU.ActiveCfg = Debug|Any CPU
		{56A13B9E-7934-ACDB-2B0F-94DAEA8FF4A4}.Debug|Any CPU.Build.0 = Debug|Any CPU
		{56A13B9E-7934-ACDB-2B0F-94DAEA8FF4A4}.Release|Any CPU.ActiveCfg = Release|Any CPU
		{56A13B9E-7934-ACDB-2B0F-94DAEA8FF4A4}.Release|Any CPU.Build.0 = Release|Any CPU
	EndGlobalSection
	GlobalSection(SolutionProperties) = preSolution
		HideSolutionNode = FALSE
	EndGlobalSection
EndGlobal
