
Microsoft Visual Studio Solution File, Format Version 12.00
# Visual Studio 2015
Project("{FAE04EC0-301F-11D3-BF4B-00C04F79EFBC}") = "ProjectBunny.CSharp", "ProjectBunny.CSharp.csproj", "{670AE40A-08D1-2E04-E9EF-9771C09DFDCD}"
EndProject
Global
	GlobalSection(SolutionConfigurationPlatforms) = preSolution
		Debug|Any CPU = Debug|Any CPU
		Release|Any CPU = Release|Any CPU
	EndGlobalSection
	GlobalSection(ProjectConfigurationPlatforms) = postSolution
		{670AE40A-08D1-2E04-E9EF-9771C09DFDCD}.Debug|Any CPU.ActiveCfg = Debug|Any CPU
		{670AE40A-08D1-2E04-E9EF-9771C09DFDCD}.Debug|Any CPU.Build.0 = Debug|Any CPU
		{670AE40A-08D1-2E04-E9EF-9771C09DFDCD}.Release|Any CPU.ActiveCfg = Release|Any CPU
		{670AE40A-08D1-2E04-E9EF-9771C09DFDCD}.Release|Any CPU.Build.0 = Release|Any CPU
	EndGlobalSection
	GlobalSection(SolutionProperties) = preSolution
		HideSolutionNode = FALSE
	EndGlobalSection
EndGlobal
